// !$*UTF8*$!
{
	archiveVersion = 1;
	classes = {
	};
	objectVersion = 52;
	objects = {

/* Begin PBXBuildFile section */
		FA9ED1552A3F9A5A00652287 /* Shadow.swift in Sources */ = {isa = PBXBuildFile; fileRef = FA9ED1542A3F9A5A00652287 /* Shadow.swift */; };
		FA9ED1572A40271800652287 /* EffectApplier.swift in Sources */ = {isa = PBXBuildFile; fileRef = FA9ED1562A40271800652287 /* EffectApplier.swift */; };
		FA9ED1592A40292B00652287 /* ActionView.swift in Sources */ = {isa = PBXBuildFile; fileRef = FA9ED1582A40292B00652287 /* ActionView.swift */; };
		FAB031582A39929400A5D0B9 /* SwipeLogicApp.swift in Sources */ = {isa = PBXBuildFile; fileRef = FAB031572A39929400A5D0B9 /* SwipeLogicApp.swift */; };
		FAB0315A2A39929400A5D0B9 /* MenuView.swift in Sources */ = {isa = PBXBuildFile; fileRef = FAB031592A39929400A5D0B9 /* MenuView.swift */; };
		FAB0315C2A39929700A5D0B9 /* Assets.xcassets in Resources */ = {isa = PBXBuildFile; fileRef = FAB0315B2A39929700A5D0B9 /* Assets.xcassets */; };
		FAB0315F2A39929700A5D0B9 /* Preview Assets.xcassets in Resources */ = {isa = PBXBuildFile; fileRef = FAB0315E2A39929700A5D0B9 /* Preview Assets.xcassets */; };
		FAB0316A2A39929700A5D0B9 /* SwipeLogicTests.swift in Sources */ = {isa = PBXBuildFile; fileRef = FAB031692A39929700A5D0B9 /* SwipeLogicTests.swift */; };
		FAB031752A39929700A5D0B9 /* SwipeLogicUITests.swift in Sources */ = {isa = PBXBuildFile; fileRef = FAB031742A39929700A5D0B9 /* SwipeLogicUITests.swift */; };
		FAB031852A39935600A5D0B9 /* SwipePad.swift in Sources */ = {isa = PBXBuildFile; fileRef = FAB031842A39935600A5D0B9 /* SwipePad.swift */; };
		FAB031872A3998B700A5D0B9 /* SwipePadView.swift in Sources */ = {isa = PBXBuildFile; fileRef = FAB031862A3998B700A5D0B9 /* SwipePadView.swift */; };
		FAB0318E2A39AD9F00A5D0B9 /* SwipeAction.swift in Sources */ = {isa = PBXBuildFile; fileRef = FAB0318D2A39AD9E00A5D0B9 /* SwipeAction.swift */; };
		FAB031A12A39BE3F00A5D0B9 /* SwipeActionView.swift in Sources */ = {isa = PBXBuildFile; fileRef = FAB031A02A39BE3F00A5D0B9 /* SwipeActionView.swift */; };
		FAB031A32A39EB7800A5D0B9 /* SwiperView.swift in Sources */ = {isa = PBXBuildFile; fileRef = FAB031A22A39EB7800A5D0B9 /* SwiperView.swift */; };
		FAB031A52A3A406D00A5D0B9 /* GlobalVariables.swift in Sources */ = {isa = PBXBuildFile; fileRef = FAB031A42A3A406D00A5D0B9 /* GlobalVariables.swift */; };
		FAB031A72A3A42EC00A5D0B9 /* MenuActions.swift in Sources */ = {isa = PBXBuildFile; fileRef = FAB031A62A3A42EC00A5D0B9 /* MenuActions.swift */; };
		FAB031A92A3E4FA400A5D0B9 /* SplashScreenView.swift in Sources */ = {isa = PBXBuildFile; fileRef = FAB031A82A3E4FA400A5D0B9 /* SplashScreenView.swift */; };
		FAB031AB2A3E4FC100A5D0B9 /* GeneratingScreenView.swift in Sources */ = {isa = PBXBuildFile; fileRef = FAB031AA2A3E4FC100A5D0B9 /* GeneratingScreenView.swift */; };
		FAB031B12A3ED8B500A5D0B9 /* BattleView.swift in Sources */ = {isa = PBXBuildFile; fileRef = FAB031B02A3ED8B500A5D0B9 /* BattleView.swift */; };
		FAB031B32A3ED8D500A5D0B9 /* EventView.swift in Sources */ = {isa = PBXBuildFile; fileRef = FAB031B22A3ED8D500A5D0B9 /* EventView.swift */; };
		FAB031B52A3ED8FC00A5D0B9 /* MarketView.swift in Sources */ = {isa = PBXBuildFile; fileRef = FAB031B42A3ED8FC00A5D0B9 /* MarketView.swift */; };
		FAB031B72A3EDAF200A5D0B9 /* TimingBar.swift in Sources */ = {isa = PBXBuildFile; fileRef = FAB031B62A3EDAF200A5D0B9 /* TimingBar.swift */; };
		FAB031BD2A3EDB0300A5D0B9 /* Character.swift in Sources */ = {isa = PBXBuildFile; fileRef = FAB031B82A3EDB0200A5D0B9 /* Character.swift */; };
		FAB031BF2A3EDB0300A5D0B9 /* Dungeon.swift in Sources */ = {isa = PBXBuildFile; fileRef = FAB031BA2A3EDB0300A5D0B9 /* Dungeon.swift */; };
		FAB031C02A3EDB0300A5D0B9 /* Battle.swift in Sources */ = {isa = PBXBuildFile; fileRef = FAB031BB2A3EDB0300A5D0B9 /* Battle.swift */; };
		FAB031C12A3EDB0300A5D0B9 /* Adventure.swift in Sources */ = {isa = PBXBuildFile; fileRef = FAB031BC2A3EDB0300A5D0B9 /* Adventure.swift */; };
		FAB031C62A3EFCF700A5D0B9 /* Basics.swift in Sources */ = {isa = PBXBuildFile; fileRef = FAB031C52A3EFCF700A5D0B9 /* Basics.swift */; };
		FAB031C82A3EFFF800A5D0B9 /* SwipeEffect.swift in Sources */ = {isa = PBXBuildFile; fileRef = FAB031C72A3EFFF800A5D0B9 /* SwipeEffect.swift */; };
		FAB031CA2A3F564500A5D0B9 /* AdventureGenerator.swift in Sources */ = {isa = PBXBuildFile; fileRef = FAB031C92A3F564500A5D0B9 /* AdventureGenerator.swift */; };
		FAB031CE2A3F634E00A5D0B9 /* BattleActions.swift in Sources */ = {isa = PBXBuildFile; fileRef = FAB031CD2A3F634E00A5D0B9 /* BattleActions.swift */; };
		FAB031D02A3F677000A5D0B9 /* MonsterGenerator.swift in Sources */ = {isa = PBXBuildFile; fileRef = FAB031CF2A3F677000A5D0B9 /* MonsterGenerator.swift */; };
		FAB031D22A3F6CF200A5D0B9 /* BattleGenerator.swift in Sources */ = {isa = PBXBuildFile; fileRef = FAB031D12A3F6CF200A5D0B9 /* BattleGenerator.swift */; };
		FAB031D42A3F6E5E00A5D0B9 /* SwipeEffects.swift in Sources */ = {isa = PBXBuildFile; fileRef = FAB031D32A3F6E5E00A5D0B9 /* SwipeEffects.swift */; };
		FAB031D62A3F71EB00A5D0B9 /* CharacterView.swift in Sources */ = {isa = PBXBuildFile; fileRef = FAB031D52A3F71EB00A5D0B9 /* CharacterView.swift */; };
		FAB031D82A3F732400A5D0B9 /* HealthBarView.swift in Sources */ = {isa = PBXBuildFile; fileRef = FAB031D72A3F732400A5D0B9 /* HealthBarView.swift */; };
		FAB031E22A3F92DE00A5D0B9 /* TimingBarView.swift in Sources */ = {isa = PBXBuildFile; fileRef = FAB031E12A3F92DE00A5D0B9 /* TimingBarView.swift */; };
		FAC146D42A40859700F4CC8F /* ProgressBar.swift in Sources */ = {isa = PBXBuildFile; fileRef = FAC146D32A40859700F4CC8F /* ProgressBar.swift */; };
		FAC146D72A408B8000F4CC8F /* Title.swift in Sources */ = {isa = PBXBuildFile; fileRef = FAC146D62A408B8000F4CC8F /* Title.swift */; };
		FAC146DF2A41955A00F4CC8F /* FinnCharacter.gif in Resources */ = {isa = PBXBuildFile; fileRef = FAC146DE2A41955A00F4CC8F /* FinnCharacter.gif */; };
		FAC146E22A41980500F4CC8F /* SwiftyGif in Frameworks */ = {isa = PBXBuildFile; productRef = FAC146E12A41980500F4CC8F /* SwiftyGif */; };
		FAC146E42A419D6B00F4CC8F /* GifImage.swift in Sources */ = {isa = PBXBuildFile; fileRef = FAC146E32A419D6B00F4CC8F /* GifImage.swift */; };
		FACA5C3B2A41A01F0025AAEE /* PenguinCharacter.gif in Resources */ = {isa = PBXBuildFile; fileRef = FACA5C3A2A41A01F0025AAEE /* PenguinCharacter.gif */; };
		FACA5C3F2A41B6320025AAEE /* RewardGenerator.swift in Sources */ = {isa = PBXBuildFile; fileRef = FACA5C3E2A41B6320025AAEE /* RewardGenerator.swift */; };
		FACA5C452A41D2E40025AAEE /* DungeonView.swift in Sources */ = {isa = PBXBuildFile; fileRef = FACA5C442A41D2E40025AAEE /* DungeonView.swift */; };
		FACA5C472A41D3300025AAEE /* DungeonMap.swift in Sources */ = {isa = PBXBuildFile; fileRef = FACA5C462A41D3300025AAEE /* DungeonMap.swift */; };
		FACA5C492A41D62D0025AAEE /* DungeonMapView.swift in Sources */ = {isa = PBXBuildFile; fileRef = FACA5C482A41D62D0025AAEE /* DungeonMapView.swift */; };
/* End PBXBuildFile section */

/* Begin PBXContainerItemProxy section */
		FAB031662A39929700A5D0B9 /* PBXContainerItemProxy */ = {
			isa = PBXContainerItemProxy;
			containerPortal = FAB0314C2A39929400A5D0B9 /* Project object */;
			proxyType = 1;
			remoteGlobalIDString = FAB031532A39929400A5D0B9;
			remoteInfo = SwipeLogic;
		};
		FAB031712A39929700A5D0B9 /* PBXContainerItemProxy */ = {
			isa = PBXContainerItemProxy;
			containerPortal = FAB0314C2A39929400A5D0B9 /* Project object */;
			proxyType = 1;
			remoteGlobalIDString = FAB031532A39929400A5D0B9;
			remoteInfo = SwipeLogic;
		};
/* End PBXContainerItemProxy section */

/* Begin PBXFileReference section */
		FA9ED1542A3F9A5A00652287 /* Shadow.swift */ = {isa = PBXFileReference; lastKnownFileType = sourcecode.swift; path = Shadow.swift; sourceTree = "<group>"; };
		FA9ED1562A40271800652287 /* EffectApplier.swift */ = {isa = PBXFileReference; lastKnownFileType = sourcecode.swift; path = EffectApplier.swift; sourceTree = "<group>"; };
		FA9ED1582A40292B00652287 /* ActionView.swift */ = {isa = PBXFileReference; lastKnownFileType = sourcecode.swift; path = ActionView.swift; sourceTree = "<group>"; };
		FAB031542A39929400A5D0B9 /* SwipeLogic.app */ = {isa = PBXFileReference; explicitFileType = wrapper.application; includeInIndex = 0; path = SwipeLogic.app; sourceTree = BUILT_PRODUCTS_DIR; };
		FAB031572A39929400A5D0B9 /* SwipeLogicApp.swift */ = {isa = PBXFileReference; lastKnownFileType = sourcecode.swift; path = SwipeLogicApp.swift; sourceTree = "<group>"; };
		FAB031592A39929400A5D0B9 /* MenuView.swift */ = {isa = PBXFileReference; lastKnownFileType = sourcecode.swift; path = MenuView.swift; sourceTree = "<group>"; };
		FAB0315B2A39929700A5D0B9 /* Assets.xcassets */ = {isa = PBXFileReference; lastKnownFileType = folder.assetcatalog; path = Assets.xcassets; sourceTree = "<group>"; };
		FAB0315E2A39929700A5D0B9 /* Preview Assets.xcassets */ = {isa = PBXFileReference; lastKnownFileType = folder.assetcatalog; path = "Preview Assets.xcassets"; sourceTree = "<group>"; };
		FAB031602A39929700A5D0B9 /* Info.plist */ = {isa = PBXFileReference; lastKnownFileType = text.plist.xml; path = Info.plist; sourceTree = "<group>"; };
		FAB031652A39929700A5D0B9 /* SwipeLogicTests.xctest */ = {isa = PBXFileReference; explicitFileType = wrapper.cfbundle; includeInIndex = 0; path = SwipeLogicTests.xctest; sourceTree = BUILT_PRODUCTS_DIR; };
		FAB031692A39929700A5D0B9 /* SwipeLogicTests.swift */ = {isa = PBXFileReference; lastKnownFileType = sourcecode.swift; path = SwipeLogicTests.swift; sourceTree = "<group>"; };
		FAB0316B2A39929700A5D0B9 /* Info.plist */ = {isa = PBXFileReference; lastKnownFileType = text.plist.xml; path = Info.plist; sourceTree = "<group>"; };
		FAB031702A39929700A5D0B9 /* SwipeLogicUITests.xctest */ = {isa = PBXFileReference; explicitFileType = wrapper.cfbundle; includeInIndex = 0; path = SwipeLogicUITests.xctest; sourceTree = BUILT_PRODUCTS_DIR; };
		FAB031742A39929700A5D0B9 /* SwipeLogicUITests.swift */ = {isa = PBXFileReference; lastKnownFileType = sourcecode.swift; path = SwipeLogicUITests.swift; sourceTree = "<group>"; };
		FAB031762A39929700A5D0B9 /* Info.plist */ = {isa = PBXFileReference; lastKnownFileType = text.plist.xml; path = Info.plist; sourceTree = "<group>"; };
		FAB031842A39935600A5D0B9 /* SwipePad.swift */ = {isa = PBXFileReference; lastKnownFileType = sourcecode.swift; path = SwipePad.swift; sourceTree = "<group>"; };
		FAB031862A3998B700A5D0B9 /* SwipePadView.swift */ = {isa = PBXFileReference; lastKnownFileType = sourcecode.swift; path = SwipePadView.swift; sourceTree = "<group>"; };
		FAB0318D2A39AD9E00A5D0B9 /* SwipeAction.swift */ = {isa = PBXFileReference; lastKnownFileType = sourcecode.swift; path = SwipeAction.swift; sourceTree = "<group>"; };
		FAB031A02A39BE3F00A5D0B9 /* SwipeActionView.swift */ = {isa = PBXFileReference; lastKnownFileType = sourcecode.swift; path = SwipeActionView.swift; sourceTree = "<group>"; };
		FAB031A22A39EB7800A5D0B9 /* SwiperView.swift */ = {isa = PBXFileReference; lastKnownFileType = sourcecode.swift; path = SwiperView.swift; sourceTree = "<group>"; };
		FAB031A42A3A406D00A5D0B9 /* GlobalVariables.swift */ = {isa = PBXFileReference; lastKnownFileType = sourcecode.swift; path = GlobalVariables.swift; sourceTree = "<group>"; };
		FAB031A62A3A42EC00A5D0B9 /* MenuActions.swift */ = {isa = PBXFileReference; lastKnownFileType = sourcecode.swift; path = MenuActions.swift; sourceTree = "<group>"; };
		FAB031A82A3E4FA400A5D0B9 /* SplashScreenView.swift */ = {isa = PBXFileReference; lastKnownFileType = sourcecode.swift; path = SplashScreenView.swift; sourceTree = "<group>"; };
		FAB031AA2A3E4FC100A5D0B9 /* GeneratingScreenView.swift */ = {isa = PBXFileReference; fileEncoding = 4; lastKnownFileType = sourcecode.swift; path = GeneratingScreenView.swift; sourceTree = "<group>"; };
		FAB031B02A3ED8B500A5D0B9 /* BattleView.swift */ = {isa = PBXFileReference; fileEncoding = 4; lastKnownFileType = sourcecode.swift; path = BattleView.swift; sourceTree = "<group>"; };
		FAB031B22A3ED8D500A5D0B9 /* EventView.swift */ = {isa = PBXFileReference; fileEncoding = 4; lastKnownFileType = sourcecode.swift; path = EventView.swift; sourceTree = "<group>"; };
		FAB031B42A3ED8FC00A5D0B9 /* MarketView.swift */ = {isa = PBXFileReference; fileEncoding = 4; lastKnownFileType = sourcecode.swift; path = MarketView.swift; sourceTree = "<group>"; };
		FAB031B62A3EDAF200A5D0B9 /* TimingBar.swift */ = {isa = PBXFileReference; fileEncoding = 4; lastKnownFileType = sourcecode.swift; name = TimingBar.swift; path = "../../../SwipeTime/Swipe Time/Classes/TimingBar.swift"; sourceTree = "<group>"; };
		FAB031B82A3EDB0200A5D0B9 /* Character.swift */ = {isa = PBXFileReference; fileEncoding = 4; lastKnownFileType = sourcecode.swift; name = Character.swift; path = "../../../SwipeTime/Swipe Time/Classes/Character.swift"; sourceTree = "<group>"; };
		FAB031BA2A3EDB0300A5D0B9 /* Dungeon.swift */ = {isa = PBXFileReference; fileEncoding = 4; lastKnownFileType = sourcecode.swift; name = Dungeon.swift; path = "../../../SwipeTime/Swipe Time/Classes/Dungeon.swift"; sourceTree = "<group>"; };
		FAB031BB2A3EDB0300A5D0B9 /* Battle.swift */ = {isa = PBXFileReference; fileEncoding = 4; lastKnownFileType = sourcecode.swift; name = Battle.swift; path = "../../../SwipeTime/Swipe Time/Classes/Battle.swift"; sourceTree = "<group>"; };
		FAB031BC2A3EDB0300A5D0B9 /* Adventure.swift */ = {isa = PBXFileReference; fileEncoding = 4; lastKnownFileType = sourcecode.swift; name = Adventure.swift; path = "../../../SwipeTime/Swipe Time/Classes/Adventure.swift"; sourceTree = "<group>"; };
		FAB031C52A3EFCF700A5D0B9 /* Basics.swift */ = {isa = PBXFileReference; lastKnownFileType = sourcecode.swift; path = Basics.swift; sourceTree = "<group>"; };
		FAB031C72A3EFFF800A5D0B9 /* SwipeEffect.swift */ = {isa = PBXFileReference; lastKnownFileType = sourcecode.swift; path = SwipeEffect.swift; sourceTree = "<group>"; };
		FAB031C92A3F564500A5D0B9 /* AdventureGenerator.swift */ = {isa = PBXFileReference; lastKnownFileType = sourcecode.swift; path = AdventureGenerator.swift; sourceTree = "<group>"; };
		FAB031CD2A3F634E00A5D0B9 /* BattleActions.swift */ = {isa = PBXFileReference; fileEncoding = 4; lastKnownFileType = sourcecode.swift; path = BattleActions.swift; sourceTree = "<group>"; };
		FAB031CF2A3F677000A5D0B9 /* MonsterGenerator.swift */ = {isa = PBXFileReference; fileEncoding = 4; lastKnownFileType = sourcecode.swift; path = MonsterGenerator.swift; sourceTree = "<group>"; };
		FAB031D12A3F6CF200A5D0B9 /* BattleGenerator.swift */ = {isa = PBXFileReference; lastKnownFileType = sourcecode.swift; path = BattleGenerator.swift; sourceTree = "<group>"; };
		FAB031D32A3F6E5E00A5D0B9 /* SwipeEffects.swift */ = {isa = PBXFileReference; fileEncoding = 4; lastKnownFileType = sourcecode.swift; path = SwipeEffects.swift; sourceTree = "<group>"; };
		FAB031D52A3F71EB00A5D0B9 /* CharacterView.swift */ = {isa = PBXFileReference; lastKnownFileType = sourcecode.swift; path = CharacterView.swift; sourceTree = "<group>"; };
		FAB031D72A3F732400A5D0B9 /* HealthBarView.swift */ = {isa = PBXFileReference; lastKnownFileType = sourcecode.swift; path = HealthBarView.swift; sourceTree = "<group>"; };
		FAB031E02A3F80F300A5D0B9 /* Finn.gif */ = {isa = PBXFileReference; lastKnownFileType = image.gif; path = Finn.gif; sourceTree = "<group>"; };
		FAB031E12A3F92DE00A5D0B9 /* TimingBarView.swift */ = {isa = PBXFileReference; lastKnownFileType = sourcecode.swift; path = TimingBarView.swift; sourceTree = "<group>"; };
		FAC146D32A40859700F4CC8F /* ProgressBar.swift */ = {isa = PBXFileReference; lastKnownFileType = sourcecode.swift; path = ProgressBar.swift; sourceTree = "<group>"; };
		FAC146D62A408B8000F4CC8F /* Title.swift */ = {isa = PBXFileReference; lastKnownFileType = sourcecode.swift; name = Title.swift; path = SwipeLogic/UI/Elements/Title.swift; sourceTree = SOURCE_ROOT; };
		FAC146DE2A41955A00F4CC8F /* FinnCharacter.gif */ = {isa = PBXFileReference; lastKnownFileType = image.gif; path = FinnCharacter.gif; sourceTree = "<group>"; };
		FAC146E32A419D6B00F4CC8F /* GifImage.swift */ = {isa = PBXFileReference; lastKnownFileType = sourcecode.swift; path = GifImage.swift; sourceTree = "<group>"; };
		FACA5C3A2A41A01F0025AAEE /* PenguinCharacter.gif */ = {isa = PBXFileReference; lastKnownFileType = image.gif; path = PenguinCharacter.gif; sourceTree = "<group>"; };
		FACA5C3E2A41B6320025AAEE /* RewardGenerator.swift */ = {isa = PBXFileReference; lastKnownFileType = sourcecode.swift; path = RewardGenerator.swift; sourceTree = "<group>"; };
		FACA5C442A41D2E40025AAEE /* DungeonView.swift */ = {isa = PBXFileReference; lastKnownFileType = sourcecode.swift; path = DungeonView.swift; sourceTree = "<group>"; };
		FACA5C462A41D3300025AAEE /* DungeonMap.swift */ = {isa = PBXFileReference; lastKnownFileType = sourcecode.swift; path = DungeonMap.swift; sourceTree = "<group>"; };
		FACA5C482A41D62D0025AAEE /* DungeonMapView.swift */ = {isa = PBXFileReference; lastKnownFileType = sourcecode.swift; path = DungeonMapView.swift; sourceTree = "<group>"; };
/* End PBXFileReference section */

/* Begin PBXFrameworksBuildPhase section */
		FAB031512A39929400A5D0B9 /* Frameworks */ = {
			isa = PBXFrameworksBuildPhase;
			buildActionMask = 2147483647;
			files = (
				FAC146E22A41980500F4CC8F /* SwiftyGif in Frameworks */,
			);
			runOnlyForDeploymentPostprocessing = 0;
		};
		FAB031622A39929700A5D0B9 /* Frameworks */ = {
			isa = PBXFrameworksBuildPhase;
			buildActionMask = 2147483647;
			files = (
			);
			runOnlyForDeploymentPostprocessing = 0;
		};
		FAB0316D2A39929700A5D0B9 /* Frameworks */ = {
			isa = PBXFrameworksBuildPhase;
			buildActionMask = 2147483647;
			files = (
			);
			runOnlyForDeploymentPostprocessing = 0;
		};
/* End PBXFrameworksBuildPhase section */

/* Begin PBXGroup section */
		FAB0314B2A39929400A5D0B9 = {
			isa = PBXGroup;
			children = (
				FAB031562A39929400A5D0B9 /* SwipeLogic */,
				FAB031682A39929700A5D0B9 /* SwipeLogicTests */,
				FAB031732A39929700A5D0B9 /* SwipeLogicUITests */,
				FAB031552A39929400A5D0B9 /* Products */,
			);
			sourceTree = "<group>";
		};
		FAB031552A39929400A5D0B9 /* Products */ = {
			isa = PBXGroup;
			children = (
				FAB031542A39929400A5D0B9 /* SwipeLogic.app */,
				FAB031652A39929700A5D0B9 /* SwipeLogicTests.xctest */,
				FAB031702A39929700A5D0B9 /* SwipeLogicUITests.xctest */,
			);
			name = Products;
			sourceTree = "<group>";
		};
		FAB031562A39929400A5D0B9 /* SwipeLogic */ = {
			isa = PBXGroup;
			children = (
				FAB031A42A3A406D00A5D0B9 /* GlobalVariables.swift */,
				FAB031C52A3EFCF700A5D0B9 /* Basics.swift */,
				FAB031D32A3F6E5E00A5D0B9 /* SwipeEffects.swift */,
				FACA5C3A2A41A01F0025AAEE /* PenguinCharacter.gif */,
				FAC146DE2A41955A00F4CC8F /* FinnCharacter.gif */,
				FAB0318C2A39AD7E00A5D0B9 /* Classes */,
				FAB0318A2A39A02F00A5D0B9 /* UI */,
				FAB031832A39933600A5D0B9 /* Services */,
				FAB031572A39929400A5D0B9 /* SwipeLogicApp.swift */,
				FAB0315B2A39929700A5D0B9 /* Assets.xcassets */,
				FAB031602A39929700A5D0B9 /* Info.plist */,
				FAB031E02A3F80F300A5D0B9 /* Finn.gif */,
				FAB0315D2A39929700A5D0B9 /* Preview Content */,
			);
			path = SwipeLogic;
			sourceTree = "<group>";
		};
		FAB0315D2A39929700A5D0B9 /* Preview Content */ = {
			isa = PBXGroup;
			children = (
				FAB0315E2A39929700A5D0B9 /* Preview Assets.xcassets */,
			);
			path = "Preview Content";
			sourceTree = "<group>";
		};
		FAB031682A39929700A5D0B9 /* SwipeLogicTests */ = {
			isa = PBXGroup;
			children = (
				FAB031692A39929700A5D0B9 /* SwipeLogicTests.swift */,
				FAB0316B2A39929700A5D0B9 /* Info.plist */,
			);
			path = SwipeLogicTests;
			sourceTree = "<group>";
		};
		FAB031732A39929700A5D0B9 /* SwipeLogicUITests */ = {
			isa = PBXGroup;
			children = (
				FAB031742A39929700A5D0B9 /* SwipeLogicUITests.swift */,
				FAB031762A39929700A5D0B9 /* Info.plist */,
			);
			path = SwipeLogicUITests;
			sourceTree = "<group>";
		};
		FAB031832A39933600A5D0B9 /* Services */ = {
			isa = PBXGroup;
			children = (
				FAC146E32A419D6B00F4CC8F /* GifImage.swift */,
				FAB031A62A3A42EC00A5D0B9 /* MenuActions.swift */,
				FAB031CD2A3F634E00A5D0B9 /* BattleActions.swift */,
				FAB031C92A3F564500A5D0B9 /* AdventureGenerator.swift */,
				FAB031CF2A3F677000A5D0B9 /* MonsterGenerator.swift */,
				FAB031D12A3F6CF200A5D0B9 /* BattleGenerator.swift */,
				FA9ED1562A40271800652287 /* EffectApplier.swift */,
				FACA5C3E2A41B6320025AAEE /* RewardGenerator.swift */,
			);
			path = Services;
			sourceTree = "<group>";
		};
		FAB0318A2A39A02F00A5D0B9 /* UI */ = {
			isa = PBXGroup;
			children = (
				FAC146D52A408B2E00F4CC8F /* Views */,
				FAC146D22A40856F00F4CC8F /* Elements */,
				FAB031C22A3EDF4100A5D0B9 /* Battle */,
			);
			path = UI;
			sourceTree = "<group>";
		};
		FAB0318C2A39AD7E00A5D0B9 /* Classes */ = {
			isa = PBXGroup;
			children = (
				FAB031BC2A3EDB0300A5D0B9 /* Adventure.swift */,
				FAB031BB2A3EDB0300A5D0B9 /* Battle.swift */,
				FAB031B82A3EDB0200A5D0B9 /* Character.swift */,
				FAB031BA2A3EDB0300A5D0B9 /* Dungeon.swift */,
				FACA5C462A41D3300025AAEE /* DungeonMap.swift */,
				FAB031B62A3EDAF200A5D0B9 /* TimingBar.swift */,
				FAB031842A39935600A5D0B9 /* SwipePad.swift */,
				FAB0318D2A39AD9E00A5D0B9 /* SwipeAction.swift */,
				FAB031C72A3EFFF800A5D0B9 /* SwipeEffect.swift */,
			);
			path = Classes;
			sourceTree = "<group>";
		};
		FAB031C22A3EDF4100A5D0B9 /* Battle */ = {
			isa = PBXGroup;
			children = (
				FAB031B02A3ED8B500A5D0B9 /* BattleView.swift */,
				FAC146D62A408B8000F4CC8F /* Title.swift */,
				FA9ED1542A3F9A5A00652287 /* Shadow.swift */,
				FAB031D52A3F71EB00A5D0B9 /* CharacterView.swift */,
				FA9ED1582A40292B00652287 /* ActionView.swift */,
				FAB031D72A3F732400A5D0B9 /* HealthBarView.swift */,
				FAB031E12A3F92DE00A5D0B9 /* TimingBarView.swift */,
			);
			path = Battle;
			sourceTree = "<group>";
		};
		FAC146D22A40856F00F4CC8F /* Elements */ = {
			isa = PBXGroup;
			children = (
				FAB031A22A39EB7800A5D0B9 /* SwiperView.swift */,
				FAB031862A3998B700A5D0B9 /* SwipePadView.swift */,
				FAB031A02A39BE3F00A5D0B9 /* SwipeActionView.swift */,
				FAC146D32A40859700F4CC8F /* ProgressBar.swift */,
			);
			path = Elements;
			sourceTree = "<group>";
		};
		FAC146D52A408B2E00F4CC8F /* Views */ = {
			isa = PBXGroup;
			children = (
				FAB031592A39929400A5D0B9 /* MenuView.swift */,
				FAB031A82A3E4FA400A5D0B9 /* SplashScreenView.swift */,
				FAB031B42A3ED8FC00A5D0B9 /* MarketView.swift */,
				FACA5C442A41D2E40025AAEE /* DungeonView.swift */,
				FACA5C482A41D62D0025AAEE /* DungeonMapView.swift */,
				FAB031B22A3ED8D500A5D0B9 /* EventView.swift */,
				FAB031AA2A3E4FC100A5D0B9 /* GeneratingScreenView.swift */,
			);
			path = Views;
			sourceTree = "<group>";
		};
/* End PBXGroup section */

/* Begin PBXNativeTarget section */
		FAB031532A39929400A5D0B9 /* SwipeLogic */ = {
			isa = PBXNativeTarget;
			buildConfigurationList = FAB031792A39929700A5D0B9 /* Build configuration list for PBXNativeTarget "SwipeLogic" */;
			buildPhases = (
				FAB031502A39929400A5D0B9 /* Sources */,
				FAB031512A39929400A5D0B9 /* Frameworks */,
				FAB031522A39929400A5D0B9 /* Resources */,
			);
			buildRules = (
			);
			dependencies = (
			);
			name = SwipeLogic;
			packageProductDependencies = (
				FAC146E12A41980500F4CC8F /* SwiftyGif */,
			);
			productName = SwipeLogic;
			productReference = FAB031542A39929400A5D0B9 /* SwipeLogic.app */;
			productType = "com.apple.product-type.application";
		};
		FAB031642A39929700A5D0B9 /* SwipeLogicTests */ = {
			isa = PBXNativeTarget;
			buildConfigurationList = FAB0317C2A39929700A5D0B9 /* Build configuration list for PBXNativeTarget "SwipeLogicTests" */;
			buildPhases = (
				FAB031612A39929700A5D0B9 /* Sources */,
				FAB031622A39929700A5D0B9 /* Frameworks */,
				FAB031632A39929700A5D0B9 /* Resources */,
			);
			buildRules = (
			);
			dependencies = (
				FAB031672A39929700A5D0B9 /* PBXTargetDependency */,
			);
			name = SwipeLogicTests;
			productName = SwipeLogicTests;
			productReference = FAB031652A39929700A5D0B9 /* SwipeLogicTests.xctest */;
			productType = "com.apple.product-type.bundle.unit-test";
		};
		FAB0316F2A39929700A5D0B9 /* SwipeLogicUITests */ = {
			isa = PBXNativeTarget;
			buildConfigurationList = FAB0317F2A39929700A5D0B9 /* Build configuration list for PBXNativeTarget "SwipeLogicUITests" */;
			buildPhases = (
				FAB0316C2A39929700A5D0B9 /* Sources */,
				FAB0316D2A39929700A5D0B9 /* Frameworks */,
				FAB0316E2A39929700A5D0B9 /* Resources */,
			);
			buildRules = (
			);
			dependencies = (
				FAB031722A39929700A5D0B9 /* PBXTargetDependency */,
			);
			name = SwipeLogicUITests;
			productName = SwipeLogicUITests;
			productReference = FAB031702A39929700A5D0B9 /* SwipeLogicUITests.xctest */;
			productType = "com.apple.product-type.bundle.ui-testing";
		};
/* End PBXNativeTarget section */

/* Begin PBXProject section */
		FAB0314C2A39929400A5D0B9 /* Project object */ = {
			isa = PBXProject;
			attributes = {
				LastSwiftUpdateCheck = 1250;
				LastUpgradeCheck = 1250;
				TargetAttributes = {
					FAB031532A39929400A5D0B9 = {
						CreatedOnToolsVersion = 12.5.1;
					};
					FAB031642A39929700A5D0B9 = {
						CreatedOnToolsVersion = 12.5.1;
						TestTargetID = FAB031532A39929400A5D0B9;
					};
					FAB0316F2A39929700A5D0B9 = {
						CreatedOnToolsVersion = 12.5.1;
						TestTargetID = FAB031532A39929400A5D0B9;
					};
				};
			};
			buildConfigurationList = FAB0314F2A39929400A5D0B9 /* Build configuration list for PBXProject "SwipeLogic" */;
			compatibilityVersion = "Xcode 9.3";
			developmentRegion = en;
			hasScannedForEncodings = 0;
			knownRegions = (
				en,
				Base,
			);
			mainGroup = FAB0314B2A39929400A5D0B9;
			packageReferences = (
				FAC146E02A41980500F4CC8F /* XCRemoteSwiftPackageReference "SwiftyGif" */,
			);
			productRefGroup = FAB031552A39929400A5D0B9 /* Products */;
			projectDirPath = "";
			projectRoot = "";
			targets = (
				FAB031532A39929400A5D0B9 /* SwipeLogic */,
				FAB031642A39929700A5D0B9 /* SwipeLogicTests */,
				FAB0316F2A39929700A5D0B9 /* SwipeLogicUITests */,
			);
		};
/* End PBXProject section */

/* Begin PBXResourcesBuildPhase section */
		FAB031522A39929400A5D0B9 /* Resources */ = {
			isa = PBXResourcesBuildPhase;
			buildActionMask = 2147483647;
			files = (
				FAC146DF2A41955A00F4CC8F /* FinnCharacter.gif in Resources */,
				FAB0315F2A39929700A5D0B9 /* Preview Assets.xcassets in Resources */,
				FAB0315C2A39929700A5D0B9 /* Assets.xcassets in Resources */,
				FACA5C3B2A41A01F0025AAEE /* PenguinCharacter.gif in Resources */,
			);
			runOnlyForDeploymentPostprocessing = 0;
		};
		FAB031632A39929700A5D0B9 /* Resources */ = {
			isa = PBXResourcesBuildPhase;
			buildActionMask = 2147483647;
			files = (
			);
			runOnlyForDeploymentPostprocessing = 0;
		};
		FAB0316E2A39929700A5D0B9 /* Resources */ = {
			isa = PBXResourcesBuildPhase;
			buildActionMask = 2147483647;
			files = (
			);
			runOnlyForDeploymentPostprocessing = 0;
		};
/* End PBXResourcesBuildPhase section */

/* Begin PBXSourcesBuildPhase section */
		FAB031502A39929400A5D0B9 /* Sources */ = {
			isa = PBXSourcesBuildPhase;
			buildActionMask = 2147483647;
			files = (
				FAB031CA2A3F564500A5D0B9 /* AdventureGenerator.swift in Sources */,
				FAB031D02A3F677000A5D0B9 /* MonsterGenerator.swift in Sources */,
				FAB031AB2A3E4FC100A5D0B9 /* GeneratingScreenView.swift in Sources */,
				FAB031C82A3EFFF800A5D0B9 /* SwipeEffect.swift in Sources */,
				FAB031D42A3F6E5E00A5D0B9 /* SwipeEffects.swift in Sources */,
				FAB031D82A3F732400A5D0B9 /* HealthBarView.swift in Sources */,
				FAB031B32A3ED8D500A5D0B9 /* EventView.swift in Sources */,
				FA9ED1572A40271800652287 /* EffectApplier.swift in Sources */,
				FAB031D62A3F71EB00A5D0B9 /* CharacterView.swift in Sources */,
				FAB031A92A3E4FA400A5D0B9 /* SplashScreenView.swift in Sources */,
				FAB031C02A3EDB0300A5D0B9 /* Battle.swift in Sources */,
				FAB0315A2A39929400A5D0B9 /* MenuView.swift in Sources */,
				FAC146D42A40859700F4CC8F /* ProgressBar.swift in Sources */,
				FAB031872A3998B700A5D0B9 /* SwipePadView.swift in Sources */,
				FACA5C492A41D62D0025AAEE /* DungeonMapView.swift in Sources */,
				FA9ED1552A3F9A5A00652287 /* Shadow.swift in Sources */,
				FAB031852A39935600A5D0B9 /* SwipePad.swift in Sources */,
				FAB031BF2A3EDB0300A5D0B9 /* Dungeon.swift in Sources */,
				FAB031A32A39EB7800A5D0B9 /* SwiperView.swift in Sources */,
				FAB031CE2A3F634E00A5D0B9 /* BattleActions.swift in Sources */,
				FACA5C452A41D2E40025AAEE /* DungeonView.swift in Sources */,
				FACA5C3F2A41B6320025AAEE /* RewardGenerator.swift in Sources */,
				FACA5C472A41D3300025AAEE /* DungeonMap.swift in Sources */,
				FAB031E22A3F92DE00A5D0B9 /* TimingBarView.swift in Sources */,
				FAB031B72A3EDAF200A5D0B9 /* TimingBar.swift in Sources */,
				FAB031C12A3EDB0300A5D0B9 /* Adventure.swift in Sources */,
				FA9ED1592A40292B00652287 /* ActionView.swift in Sources */,
				FAB031582A39929400A5D0B9 /* SwipeLogicApp.swift in Sources */,
				FAB031A52A3A406D00A5D0B9 /* GlobalVariables.swift in Sources */,
				FAB0318E2A39AD9F00A5D0B9 /* SwipeAction.swift in Sources */,
				FAC146D72A408B8000F4CC8F /* Title.swift in Sources */,
				FAB031C62A3EFCF700A5D0B9 /* Basics.swift in Sources */,
				FAB031B52A3ED8FC00A5D0B9 /* MarketView.swift in Sources */,
				FAB031B12A3ED8B500A5D0B9 /* BattleView.swift in Sources */,
				FAB031A72A3A42EC00A5D0B9 /* MenuActions.swift in Sources */,
				FAB031BD2A3EDB0300A5D0B9 /* Character.swift in Sources */,
				FAB031A12A39BE3F00A5D0B9 /* SwipeActionView.swift in Sources */,
				FAC146E42A419D6B00F4CC8F /* GifImage.swift in Sources */,
				FAB031D22A3F6CF200A5D0B9 /* BattleGenerator.swift in Sources */,
			);
			runOnlyForDeploymentPostprocessing = 0;
		};
		FAB031612A39929700A5D0B9 /* Sources */ = {
			isa = PBXSourcesBuildPhase;
			buildActionMask = 2147483647;
			files = (
				FAB0316A2A39929700A5D0B9 /* SwipeLogicTests.swift in Sources */,
			);
			runOnlyForDeploymentPostprocessing = 0;
		};
		FAB0316C2A39929700A5D0B9 /* Sources */ = {
			isa = PBXSourcesBuildPhase;
			buildActionMask = 2147483647;
			files = (
				FAB031752A39929700A5D0B9 /* SwipeLogicUITests.swift in Sources */,
			);
			runOnlyForDeploymentPostprocessing = 0;
		};
/* End PBXSourcesBuildPhase section */

/* Begin PBXTargetDependency section */
		FAB031672A39929700A5D0B9 /* PBXTargetDependency */ = {
			isa = PBXTargetDependency;
			target = FAB031532A39929400A5D0B9 /* SwipeLogic */;
			targetProxy = FAB031662A39929700A5D0B9 /* PBXContainerItemProxy */;
		};
		FAB031722A39929700A5D0B9 /* PBXTargetDependency */ = {
			isa = PBXTargetDependency;
			target = FAB031532A39929400A5D0B9 /* SwipeLogic */;
			targetProxy = FAB031712A39929700A5D0B9 /* PBXContainerItemProxy */;
		};
/* End PBXTargetDependency section */

/* Begin XCBuildConfiguration section */
		FAB031772A39929700A5D0B9 /* Debug */ = {
			isa = XCBuildConfiguration;
			buildSettings = {
				ALWAYS_SEARCH_USER_PATHS = NO;
				CLANG_ANALYZER_NONNULL = YES;
				CLANG_ANALYZER_NUMBER_OBJECT_CONVERSION = YES_AGGRESSIVE;
				CLANG_CXX_LANGUAGE_STANDARD = "gnu++14";
				CLANG_CXX_LIBRARY = "libc++";
				CLANG_ENABLE_MODULES = YES;
				CLANG_ENABLE_OBJC_ARC = YES;
				CLANG_ENABLE_OBJC_WEAK = YES;
				CLANG_WARN_BLOCK_CAPTURE_AUTORELEASING = YES;
				CLANG_WARN_BOOL_CONVERSION = YES;
				CLANG_WARN_COMMA = YES;
				CLANG_WARN_CONSTANT_CONVERSION = YES;
				CLANG_WARN_DEPRECATED_OBJC_IMPLEMENTATIONS = YES;
				CLANG_WARN_DIRECT_OBJC_ISA_USAGE = YES_ERROR;
				CLANG_WARN_DOCUMENTATION_COMMENTS = YES;
				CLANG_WARN_EMPTY_BODY = YES;
				CLANG_WARN_ENUM_CONVERSION = YES;
				CLANG_WARN_INFINITE_RECURSION = YES;
				CLANG_WARN_INT_CONVERSION = YES;
				CLANG_WARN_NON_LITERAL_NULL_CONVERSION = YES;
				CLANG_WARN_OBJC_IMPLICIT_RETAIN_SELF = YES;
				CLANG_WARN_OBJC_LITERAL_CONVERSION = YES;
				CLANG_WARN_OBJC_ROOT_CLASS = YES_ERROR;
				CLANG_WARN_QUOTED_INCLUDE_IN_FRAMEWORK_HEADER = YES;
				CLANG_WARN_RANGE_LOOP_ANALYSIS = YES;
				CLANG_WARN_STRICT_PROTOTYPES = YES;
				CLANG_WARN_SUSPICIOUS_MOVE = YES;
				CLANG_WARN_UNGUARDED_AVAILABILITY = YES_AGGRESSIVE;
				CLANG_WARN_UNREACHABLE_CODE = YES;
				CLANG_WARN__DUPLICATE_METHOD_MATCH = YES;
				COPY_PHASE_STRIP = NO;
				DEBUG_INFORMATION_FORMAT = dwarf;
				ENABLE_STRICT_OBJC_MSGSEND = YES;
				ENABLE_TESTABILITY = YES;
				GCC_C_LANGUAGE_STANDARD = gnu11;
				GCC_DYNAMIC_NO_PIC = NO;
				GCC_NO_COMMON_BLOCKS = YES;
				GCC_OPTIMIZATION_LEVEL = 0;
				GCC_PREPROCESSOR_DEFINITIONS = (
					"DEBUG=1",
					"$(inherited)",
				);
				GCC_WARN_64_TO_32_BIT_CONVERSION = YES;
				GCC_WARN_ABOUT_RETURN_TYPE = YES_ERROR;
				GCC_WARN_UNDECLARED_SELECTOR = YES;
				GCC_WARN_UNINITIALIZED_AUTOS = YES_AGGRESSIVE;
				GCC_WARN_UNUSED_FUNCTION = YES;
				GCC_WARN_UNUSED_VARIABLE = YES;
				IPHONEOS_DEPLOYMENT_TARGET = 14.5;
				MTL_ENABLE_DEBUG_INFO = INCLUDE_SOURCE;
				MTL_FAST_MATH = YES;
				ONLY_ACTIVE_ARCH = YES;
				SDKROOT = iphoneos;
				SWIFT_ACTIVE_COMPILATION_CONDITIONS = DEBUG;
				SWIFT_OPTIMIZATION_LEVEL = "-Onone";
			};
			name = Debug;
		};
		FAB031782A39929700A5D0B9 /* Release */ = {
			isa = XCBuildConfiguration;
			buildSettings = {
				ALWAYS_SEARCH_USER_PATHS = NO;
				CLANG_ANALYZER_NONNULL = YES;
				CLANG_ANALYZER_NUMBER_OBJECT_CONVERSION = YES_AGGRESSIVE;
				CLANG_CXX_LANGUAGE_STANDARD = "gnu++14";
				CLANG_CXX_LIBRARY = "libc++";
				CLANG_ENABLE_MODULES = YES;
				CLANG_ENABLE_OBJC_ARC = YES;
				CLANG_ENABLE_OBJC_WEAK = YES;
				CLANG_WARN_BLOCK_CAPTURE_AUTORELEASING = YES;
				CLANG_WARN_BOOL_CONVERSION = YES;
				CLANG_WARN_COMMA = YES;
				CLANG_WARN_CONSTANT_CONVERSION = YES;
				CLANG_WARN_DEPRECATED_OBJC_IMPLEMENTATIONS = YES;
				CLANG_WARN_DIRECT_OBJC_ISA_USAGE = YES_ERROR;
				CLANG_WARN_DOCUMENTATION_COMMENTS = YES;
				CLANG_WARN_EMPTY_BODY = YES;
				CLANG_WARN_ENUM_CONVERSION = YES;
				CLANG_WARN_INFINITE_RECURSION = YES;
				CLANG_WARN_INT_CONVERSION = YES;
				CLANG_WARN_NON_LITERAL_NULL_CONVERSION = YES;
				CLANG_WARN_OBJC_IMPLICIT_RETAIN_SELF = YES;
				CLANG_WARN_OBJC_LITERAL_CONVERSION = YES;
				CLANG_WARN_OBJC_ROOT_CLASS = YES_ERROR;
				CLANG_WARN_QUOTED_INCLUDE_IN_FRAMEWORK_HEADER = YES;
				CLANG_WARN_RANGE_LOOP_ANALYSIS = YES;
				CLANG_WARN_STRICT_PROTOTYPES = YES;
				CLANG_WARN_SUSPICIOUS_MOVE = YES;
				CLANG_WARN_UNGUARDED_AVAILABILITY = YES_AGGRESSIVE;
				CLANG_WARN_UNREACHABLE_CODE = YES;
				CLANG_WARN__DUPLICATE_METHOD_MATCH = YES;
				COPY_PHASE_STRIP = NO;
				DEBUG_INFORMATION_FORMAT = "dwarf-with-dsym";
				ENABLE_NS_ASSERTIONS = NO;
				ENABLE_STRICT_OBJC_MSGSEND = YES;
				GCC_C_LANGUAGE_STANDARD = gnu11;
				GCC_NO_COMMON_BLOCKS = YES;
				GCC_WARN_64_TO_32_BIT_CONVERSION = YES;
				GCC_WARN_ABOUT_RETURN_TYPE = YES_ERROR;
				GCC_WARN_UNDECLARED_SELECTOR = YES;
				GCC_WARN_UNINITIALIZED_AUTOS = YES_AGGRESSIVE;
				GCC_WARN_UNUSED_FUNCTION = YES;
				GCC_WARN_UNUSED_VARIABLE = YES;
				IPHONEOS_DEPLOYMENT_TARGET = 14.5;
				MTL_ENABLE_DEBUG_INFO = NO;
				MTL_FAST_MATH = YES;
				SDKROOT = iphoneos;
				SWIFT_COMPILATION_MODE = wholemodule;
				SWIFT_OPTIMIZATION_LEVEL = "-O";
				VALIDATE_PRODUCT = YES;
			};
			name = Release;
		};
		FAB0317A2A39929700A5D0B9 /* Debug */ = {
			isa = XCBuildConfiguration;
			buildSettings = {
				ASSETCATALOG_COMPILER_APPICON_NAME = AppIcon;
				ASSETCATALOG_COMPILER_GLOBAL_ACCENT_COLOR_NAME = AccentColor;
				CODE_SIGN_STYLE = Automatic;
				DEVELOPMENT_ASSET_PATHS = "\"SwipeLogic/Preview Content\"";
				ENABLE_PREVIEWS = YES;
				INFOPLIST_FILE = SwipeLogic/Info.plist;
				IPHONEOS_DEPLOYMENT_TARGET = 14.0;
				LD_RUNPATH_SEARCH_PATHS = (
					"$(inherited)",
					"@executable_path/Frameworks",
				);
				PRODUCT_BUNDLE_IDENTIFIER = com.fougere.SwipeLogic;
				PRODUCT_NAME = "$(TARGET_NAME)";
				SWIFT_VERSION = 5.0;
				TARGETED_DEVICE_FAMILY = "1,2";
			};
			name = Debug;
		};
		FAB0317B2A39929700A5D0B9 /* Release */ = {
			isa = XCBuildConfiguration;
			buildSettings = {
				ASSETCATALOG_COMPILER_APPICON_NAME = AppIcon;
				ASSETCATALOG_COMPILER_GLOBAL_ACCENT_COLOR_NAME = AccentColor;
				CODE_SIGN_STYLE = Automatic;
				DEVELOPMENT_ASSET_PATHS = "\"SwipeLogic/Preview Content\"";
				ENABLE_PREVIEWS = YES;
				INFOPLIST_FILE = SwipeLogic/Info.plist;
				IPHONEOS_DEPLOYMENT_TARGET = 14.0;
				LD_RUNPATH_SEARCH_PATHS = (
					"$(inherited)",
					"@executable_path/Frameworks",
				);
				PRODUCT_BUNDLE_IDENTIFIER = com.fougere.SwipeLogic;
				PRODUCT_NAME = "$(TARGET_NAME)";
				SWIFT_VERSION = 5.0;
				TARGETED_DEVICE_FAMILY = "1,2";
			};
			name = Release;
		};
		FAB0317D2A39929700A5D0B9 /* Debug */ = {
			isa = XCBuildConfiguration;
			buildSettings = {
				ALWAYS_EMBED_SWIFT_STANDARD_LIBRARIES = YES;
				BUNDLE_LOADER = "$(TEST_HOST)";
				CODE_SIGN_STYLE = Automatic;
				INFOPLIST_FILE = SwipeLogicTests/Info.plist;
				IPHONEOS_DEPLOYMENT_TARGET = 14.0;
				LD_RUNPATH_SEARCH_PATHS = (
					"$(inherited)",
					"@executable_path/Frameworks",
					"@loader_path/Frameworks",
				);
				PRODUCT_BUNDLE_IDENTIFIER = com.fougere.SwipeLogicTests;
				PRODUCT_NAME = "$(TARGET_NAME)";
				SWIFT_VERSION = 5.0;
				TARGETED_DEVICE_FAMILY = "1,2";
				TEST_HOST = "$(BUILT_PRODUCTS_DIR)/SwipeLogic.app/SwipeLogic";
			};
			name = Debug;
		};
		FAB0317E2A39929700A5D0B9 /* Release */ = {
			isa = XCBuildConfiguration;
			buildSettings = {
				ALWAYS_EMBED_SWIFT_STANDARD_LIBRARIES = YES;
				BUNDLE_LOADER = "$(TEST_HOST)";
				CODE_SIGN_STYLE = Automatic;
				INFOPLIST_FILE = SwipeLogicTests/Info.plist;
				IPHONEOS_DEPLOYMENT_TARGET = 14.0;
				LD_RUNPATH_SEARCH_PATHS = (
					"$(inherited)",
					"@executable_path/Frameworks",
					"@loader_path/Frameworks",
				);
				PRODUCT_BUNDLE_IDENTIFIER = com.fougere.SwipeLogicTests;
				PRODUCT_NAME = "$(TARGET_NAME)";
				SWIFT_VERSION = 5.0;
				TARGETED_DEVICE_FAMILY = "1,2";
				TEST_HOST = "$(BUILT_PRODUCTS_DIR)/SwipeLogic.app/SwipeLogic";
			};
			name = Release;
		};
		FAB031802A39929700A5D0B9 /* Debug */ = {
			isa = XCBuildConfiguration;
			buildSettings = {
				ALWAYS_EMBED_SWIFT_STANDARD_LIBRARIES = YES;
				CODE_SIGN_STYLE = Automatic;
				INFOPLIST_FILE = SwipeLogicUITests/Info.plist;
				LD_RUNPATH_SEARCH_PATHS = (
					"$(inherited)",
					"@executable_path/Frameworks",
					"@loader_path/Frameworks",
				);
				PRODUCT_BUNDLE_IDENTIFIER = com.fougere.SwipeLogicUITests;
				PRODUCT_NAME = "$(TARGET_NAME)";
				SWIFT_VERSION = 5.0;
				TARGETED_DEVICE_FAMILY = "1,2";
				TEST_TARGET_NAME = SwipeLogic;
			};
			name = Debug;
		};
		FAB031812A39929700A5D0B9 /* Release */ = {
			isa = XCBuildConfiguration;
			buildSettings = {
				ALWAYS_EMBED_SWIFT_STANDARD_LIBRARIES = YES;
				CODE_SIGN_STYLE = Automatic;
				INFOPLIST_FILE = SwipeLogicUITests/Info.plist;
				LD_RUNPATH_SEARCH_PATHS = (
					"$(inherited)",
					"@executable_path/Frameworks",
					"@loader_path/Frameworks",
				);
				PRODUCT_BUNDLE_IDENTIFIER = com.fougere.SwipeLogicUITests;
				PRODUCT_NAME = "$(TARGET_NAME)";
				SWIFT_VERSION = 5.0;
				TARGETED_DEVICE_FAMILY = "1,2";
				TEST_TARGET_NAME = SwipeLogic;
			};
			name = Release;
		};
/* End XCBuildConfiguration section */

/* Begin XCConfigurationList section */
		FAB0314F2A39929400A5D0B9 /* Build configuration list for PBXProject "SwipeLogic" */ = {
			isa = XCConfigurationList;
			buildConfigurations = (
				FAB031772A39929700A5D0B9 /* Debug */,
				FAB031782A39929700A5D0B9 /* Release */,
			);
			defaultConfigurationIsVisible = 0;
			defaultConfigurationName = Release;
		};
		FAB031792A39929700A5D0B9 /* Build configuration list for PBXNativeTarget "SwipeLogic" */ = {
			isa = XCConfigurationList;
			buildConfigurations = (
				FAB0317A2A39929700A5D0B9 /* Debug */,
				FAB0317B2A39929700A5D0B9 /* Release */,
			);
			defaultConfigurationIsVisible = 0;
			defaultConfigurationName = Release;
		};
		FAB0317C2A39929700A5D0B9 /* Build configuration list for PBXNativeTarget "SwipeLogicTests" */ = {
			isa = XCConfigurationList;
			buildConfigurations = (
				FAB0317D2A39929700A5D0B9 /* Debug */,
				FAB0317E2A39929700A5D0B9 /* Release */,
			);
			defaultConfigurationIsVisible = 0;
			defaultConfigurationName = Release;
		};
		FAB0317F2A39929700A5D0B9 /* Build configuration list for PBXNativeTarget "SwipeLogicUITests" */ = {
			isa = XCConfigurationList;
			buildConfigurations = (
				FAB031802A39929700A5D0B9 /* Debug */,
				FAB031812A39929700A5D0B9 /* Release */,
			);
			defaultConfigurationIsVisible = 0;
			defaultConfigurationName = Release;
		};
/* End XCConfigurationList section */

/* Begin XCRemoteSwiftPackageReference section */
		FAC146E02A41980500F4CC8F /* XCRemoteSwiftPackageReference "SwiftyGif" */ = {
			isa = XCRemoteSwiftPackageReference;
			repositoryURL = "https://github.com/kirualex/SwiftyGif.git";
			requirement = {
				kind = upToNextMajorVersion;
				minimumVersion = 5.4.4;
			};
		};
/* End XCRemoteSwiftPackageReference section */

/* Begin XCSwiftPackageProductDependency section */
		FAC146E12A41980500F4CC8F /* SwiftyGif */ = {
			isa = XCSwiftPackageProductDependency;
			package = FAC146E02A41980500F4CC8F /* XCRemoteSwiftPackageReference "SwiftyGif" */;
			productName = SwiftyGif;
		};
/* End XCSwiftPackageProductDependency section */
	};
	rootObject = FAB0314C2A39929400A5D0B9 /* Project object */;
}
